
Microsoft Visual Studio Solution File, Format Version 12.00
# Visual Studio 15
VisualStudioVersion = 15.0.28307.421
MinimumVisualStudioVersion = 10.0.40219.1
Project("{FAE04EC0-301F-11D3-BF4B-00C04F79EFBC}") = "SuperbowlNamer", "SuperbowlNamer\SuperbowlNamer.csproj", "{ED6A96AA-940C-4D62-A9A9-87548EC30E5C}"
EndProject
Project("{FAE04EC0-301F-11D3-BF4B-00C04F79EFBC}") = "SuperbowlNamer.Tests", "SuperbowlNamer.Tests\SuperbowlNamer.Tests.csproj", "{AE62FBB2-BC39-40EB-901C-BD76C4A0A2F5}"
EndProject
Global
	GlobalSection(SolutionConfigurationPlatforms) = preSolution
		Debug|Any CPU = Debug|Any CPU
		Release|Any CPU = Release|Any CPU
	EndGlobalSection
	GlobalSection(ProjectConfigurationPlatforms) = postSolution
		{ED6A96AA-940C-4D62-A9A9-87548EC30E5C}.Debug|Any CPU.ActiveCfg = Debug|Any CPU
		{ED6A96AA-940C-4D62-A9A9-87548EC30E5C}.Debug|Any CPU.Build.0 = Debug|Any CPU
		{ED6A96AA-940C-4D62-A9A9-87548EC30E5C}.Release|Any CPU.ActiveCfg = Release|Any CPU
		{ED6A96AA-940C-4D62-A9A9-87548EC30E5C}.Release|Any CPU.Build.0 = Release|Any CPU
		{AE62FBB2-BC39-40EB-901C-BD76C4A0A2F5}.Debug|Any CPU.ActiveCfg = Debug|Any CPU
		{AE62FBB2-BC39-40EB-901C-BD76C4A0A2F5}.Debug|Any CPU.Build.0 = Debug|Any CPU
		{AE62FBB2-BC39-40EB-901C-BD76C4A0A2F5}.Release|Any CPU.ActiveCfg = Release|Any CPU
		{AE62FBB2-BC39-40EB-901C-BD76C4A0A2F5}.Release|Any CPU.Build.0 = Release|Any CPU
	EndGlobalSection
	GlobalSection(SolutionProperties) = preSolution
		HideSolutionNode = FALSE
	EndGlobalSection
	GlobalSection(ExtensibilityGlobals) = postSolution
		SolutionGuid = {58E98ACA-75E9-4B14-A4B7-192856D0FBF4}
	EndGlobalSection
EndGlobal
